// !$*UTF8*$!
{
	archiveVersion = 1;
	classes = {
	};
	objectVersion = 50;
	objects = {

/* Begin PBXBuildFile section */
		4F07F4D62562EFD100476786 /* AlertLevelRow.swift in Sources */ = {isa = PBXBuildFile; fileRef = 4F07F4D52562EFD100476786 /* AlertLevelRow.swift */; };
		4F07F4E12563F99F00476786 /* TrafficLightCircle.swift in Sources */ = {isa = PBXBuildFile; fileRef = 4F07F4E02563F99F00476786 /* TrafficLightCircle.swift */; };
		4F07F4E72563FA4600476786 /* UIColor+Extension.swift in Sources */ = {isa = PBXBuildFile; fileRef = 4F07F4E62563FA4600476786 /* UIColor+Extension.swift */; };
		4F07F4F62564046600476786 /* AllAlertsStackView.swift in Sources */ = {isa = PBXBuildFile; fileRef = 4F07F4F52564046600476786 /* AllAlertsStackView.swift */; };
		4F07F4FB2564055000476786 /* ThemeColors.swift in Sources */ = {isa = PBXBuildFile; fileRef = 4F07F4FA2564055000476786 /* ThemeColors.swift */; };
		4F2A66302564208700109D32 /* MultiUseUILabel.swift in Sources */ = {isa = PBXBuildFile; fileRef = 4F2A662F2564208700109D32 /* MultiUseUILabel.swift */; };
		4F2A663B2564455300109D32 /* TrafficLightsModel.swift in Sources */ = {isa = PBXBuildFile; fileRef = 4F2A663A2564455300109D32 /* TrafficLightsModel.swift */; };
		4F2A66452565527300109D32 /* Language.swift in Sources */ = {isa = PBXBuildFile; fileRef = 4F2A66442565527300109D32 /* Language.swift */; };
		4F2A664D2565639C00109D32 /* SmallInfoView.swift in Sources */ = {isa = PBXBuildFile; fileRef = 4F2A664C2565639C00109D32 /* SmallInfoView.swift */; };
		4F2A665A2565648100109D32 /* RoundedButton.swift in Sources */ = {isa = PBXBuildFile; fileRef = 4F2A66592565648100109D32 /* RoundedButton.swift */; };
		4F778C8A256589430045623A /* traffic-lights.json in Resources */ = {isa = PBXBuildFile; fileRef = 4F778C89256589430045623A /* traffic-lights.json */; };
		4FC2307B2561C9530014BF6A /* AppDelegate.swift in Sources */ = {isa = PBXBuildFile; fileRef = 4FC2307A2561C9530014BF6A /* AppDelegate.swift */; };
		4FC2307D2561C9530014BF6A /* SceneDelegate.swift in Sources */ = {isa = PBXBuildFile; fileRef = 4FC2307C2561C9530014BF6A /* SceneDelegate.swift */; };
		4FC2307F2561C9530014BF6A /* MainViewController.swift in Sources */ = {isa = PBXBuildFile; fileRef = 4FC2307E2561C9530014BF6A /* MainViewController.swift */; };
		4FC230812561C9570014BF6A /* Assets.xcassets in Resources */ = {isa = PBXBuildFile; fileRef = 4FC230802561C9570014BF6A /* Assets.xcassets */; };
		4FC230842561C9570014BF6A /* LaunchScreen.storyboard in Resources */ = {isa = PBXBuildFile; fileRef = 4FC230822561C9570014BF6A /* LaunchScreen.storyboard */; };
		4FC2308F2561C9570014BF6A /* Covid_AlertsTests.swift in Sources */ = {isa = PBXBuildFile; fileRef = 4FC2308E2561C9570014BF6A /* Covid_AlertsTests.swift */; };
		4FC2309A2561C9580014BF6A /* Covid_AlertsUITests.swift in Sources */ = {isa = PBXBuildFile; fileRef = 4FC230992561C9580014BF6A /* Covid_AlertsUITests.swift */; };
/* End PBXBuildFile section */

/* Begin PBXContainerItemProxy section */
		4FC2308B2561C9570014BF6A /* PBXContainerItemProxy */ = {
			isa = PBXContainerItemProxy;
			containerPortal = 4FC2306F2561C9530014BF6A /* Project object */;
			proxyType = 1;
			remoteGlobalIDString = 4FC230762561C9530014BF6A;
			remoteInfo = "Covid-Alerts";
		};
		4FC230962561C9580014BF6A /* PBXContainerItemProxy */ = {
			isa = PBXContainerItemProxy;
			containerPortal = 4FC2306F2561C9530014BF6A /* Project object */;
			proxyType = 1;
			remoteGlobalIDString = 4FC230762561C9530014BF6A;
			remoteInfo = "Covid-Alerts";
		};
/* End PBXContainerItemProxy section */

/* Begin PBXFileReference section */
		4F07F4D52562EFD100476786 /* AlertLevelRow.swift */ = {isa = PBXFileReference; lastKnownFileType = sourcecode.swift; path = AlertLevelRow.swift; sourceTree = "<group>"; };
		4F07F4E02563F99F00476786 /* TrafficLightCircle.swift */ = {isa = PBXFileReference; lastKnownFileType = sourcecode.swift; path = TrafficLightCircle.swift; sourceTree = "<group>"; };
		4F07F4E62563FA4600476786 /* UIColor+Extension.swift */ = {isa = PBXFileReference; lastKnownFileType = sourcecode.swift; path = "UIColor+Extension.swift"; sourceTree = "<group>"; };
		4F07F4F52564046600476786 /* AllAlertsStackView.swift */ = {isa = PBXFileReference; lastKnownFileType = sourcecode.swift; path = AllAlertsStackView.swift; sourceTree = "<group>"; };
		4F07F4FA2564055000476786 /* ThemeColors.swift */ = {isa = PBXFileReference; lastKnownFileType = sourcecode.swift; path = ThemeColors.swift; sourceTree = "<group>"; };
		4F2A662F2564208700109D32 /* MultiUseUILabel.swift */ = {isa = PBXFileReference; lastKnownFileType = sourcecode.swift; path = MultiUseUILabel.swift; sourceTree = "<group>"; };
		4F2A663A2564455300109D32 /* TrafficLightsModel.swift */ = {isa = PBXFileReference; lastKnownFileType = sourcecode.swift; path = TrafficLightsModel.swift; sourceTree = "<group>"; };
		4F2A66442565527300109D32 /* Language.swift */ = {isa = PBXFileReference; lastKnownFileType = sourcecode.swift; path = Language.swift; sourceTree = "<group>"; };
		4F2A664C2565639C00109D32 /* SmallInfoView.swift */ = {isa = PBXFileReference; lastKnownFileType = sourcecode.swift; path = SmallInfoView.swift; sourceTree = "<group>"; };
		4F2A66592565648100109D32 /* RoundedButton.swift */ = {isa = PBXFileReference; lastKnownFileType = sourcecode.swift; path = RoundedButton.swift; sourceTree = "<group>"; };
		4F778C89256589430045623A /* traffic-lights.json */ = {isa = PBXFileReference; fileEncoding = 4; lastKnownFileType = text.json; path = "traffic-lights.json"; sourceTree = "<group>"; };
		4F778C8E256589910045623A /* de */ = {isa = PBXFileReference; lastKnownFileType = text.plist.strings; name = de; path = de.lproj/LaunchScreen.strings; sourceTree = "<group>"; };
		4FC230772561C9530014BF6A /* Covid-Alerts.app */ = {isa = PBXFileReference; explicitFileType = wrapper.application; includeInIndex = 0; path = "Covid-Alerts.app"; sourceTree = BUILT_PRODUCTS_DIR; };
		4FC2307A2561C9530014BF6A /* AppDelegate.swift */ = {isa = PBXFileReference; lastKnownFileType = sourcecode.swift; path = AppDelegate.swift; sourceTree = "<group>"; };
		4FC2307C2561C9530014BF6A /* SceneDelegate.swift */ = {isa = PBXFileReference; lastKnownFileType = sourcecode.swift; path = SceneDelegate.swift; sourceTree = "<group>"; };
		4FC2307E2561C9530014BF6A /* MainViewController.swift */ = {isa = PBXFileReference; lastKnownFileType = sourcecode.swift; path = MainViewController.swift; sourceTree = "<group>"; };
		4FC230802561C9570014BF6A /* Assets.xcassets */ = {isa = PBXFileReference; lastKnownFileType = folder.assetcatalog; path = Assets.xcassets; sourceTree = "<group>"; };
		4FC230832561C9570014BF6A /* Base */ = {isa = PBXFileReference; lastKnownFileType = file.storyboard; name = Base; path = Base.lproj/LaunchScreen.storyboard; sourceTree = "<group>"; };
		4FC230852561C9570014BF6A /* Info.plist */ = {isa = PBXFileReference; lastKnownFileType = text.plist.xml; path = Info.plist; sourceTree = "<group>"; };
		4FC2308A2561C9570014BF6A /* Covid-AlertsTests.xctest */ = {isa = PBXFileReference; explicitFileType = wrapper.cfbundle; includeInIndex = 0; path = "Covid-AlertsTests.xctest"; sourceTree = BUILT_PRODUCTS_DIR; };
		4FC2308E2561C9570014BF6A /* Covid_AlertsTests.swift */ = {isa = PBXFileReference; lastKnownFileType = sourcecode.swift; path = Covid_AlertsTests.swift; sourceTree = "<group>"; };
		4FC230902561C9570014BF6A /* Info.plist */ = {isa = PBXFileReference; lastKnownFileType = text.plist.xml; path = Info.plist; sourceTree = "<group>"; };
		4FC230952561C9580014BF6A /* Covid-AlertsUITests.xctest */ = {isa = PBXFileReference; explicitFileType = wrapper.cfbundle; includeInIndex = 0; path = "Covid-AlertsUITests.xctest"; sourceTree = BUILT_PRODUCTS_DIR; };
		4FC230992561C9580014BF6A /* Covid_AlertsUITests.swift */ = {isa = PBXFileReference; lastKnownFileType = sourcecode.swift; path = Covid_AlertsUITests.swift; sourceTree = "<group>"; };
		4FC2309B2561C9580014BF6A /* Info.plist */ = {isa = PBXFileReference; lastKnownFileType = text.plist.xml; path = Info.plist; sourceTree = "<group>"; };
/* End PBXFileReference section */

/* Begin PBXFrameworksBuildPhase section */
		4FC230742561C9530014BF6A /* Frameworks */ = {
			isa = PBXFrameworksBuildPhase;
			buildActionMask = 2147483647;
			files = (
			);
			runOnlyForDeploymentPostprocessing = 0;
		};
		4FC230872561C9570014BF6A /* Frameworks */ = {
			isa = PBXFrameworksBuildPhase;
			buildActionMask = 2147483647;
			files = (
			);
			runOnlyForDeploymentPostprocessing = 0;
		};
		4FC230922561C9580014BF6A /* Frameworks */ = {
			isa = PBXFrameworksBuildPhase;
			buildActionMask = 2147483647;
			files = (
			);
			runOnlyForDeploymentPostprocessing = 0;
		};
/* End PBXFrameworksBuildPhase section */

/* Begin PBXGroup section */
		4F07F4D12562EEB600476786 /* View */ = {
			isa = PBXGroup;
			children = (
				4F07F4F52564046600476786 /* AllAlertsStackView.swift */,
				4F07F4D52562EFD100476786 /* AlertLevelRow.swift */,
				4F07F4E02563F99F00476786 /* TrafficLightCircle.swift */,
				4F2A662F2564208700109D32 /* MultiUseUILabel.swift */,
				4F07F4FA2564055000476786 /* ThemeColors.swift */,
				4F2A664C2565639C00109D32 /* SmallInfoView.swift */,
				4F2A66592565648100109D32 /* RoundedButton.swift */,
			);
			path = View;
			sourceTree = "<group>";
		};
		4F07F4D22562EEBD00476786 /* Model */ = {
			isa = PBXGroup;
			children = (
				4F2A663A2564455300109D32 /* TrafficLightsModel.swift */,
				4F778C89256589430045623A /* traffic-lights.json */,
				4F2A66442565527300109D32 /* Language.swift */,
			);
			path = Model;
			sourceTree = "<group>";
		};
		4F07F4D32562EEC800476786 /* Controller */ = {
			isa = PBXGroup;
			children = (
				4FC2307E2561C9530014BF6A /* MainViewController.swift */,
			);
			path = Controller;
			sourceTree = "<group>";
		};
		4F07F4D42562EEE800476786 /* Networking */ = {
			isa = PBXGroup;
			children = (
			);
			path = Networking;
			sourceTree = "<group>";
		};
		4F07F4E52563FA2800476786 /* Extensions */ = {
			isa = PBXGroup;
			children = (
				4F07F4E62563FA4600476786 /* UIColor+Extension.swift */,
			);
			path = Extensions;
			sourceTree = "<group>";
		};
		4F07F4F1256400BE00476786 /* SupportingFiles */ = {
			isa = PBXGroup;
			children = (
				4FC2307A2561C9530014BF6A /* AppDelegate.swift */,
				4FC2307C2561C9530014BF6A /* SceneDelegate.swift */,
				4FC230802561C9570014BF6A /* Assets.xcassets */,
			);
			path = SupportingFiles;
			sourceTree = "<group>";
		};
		4FC2306E2561C9530014BF6A = {
			isa = PBXGroup;
			children = (
				4FC230792561C9530014BF6A /* Covid-Alerts */,
				4FC2308D2561C9570014BF6A /* Covid-AlertsTests */,
				4FC230982561C9580014BF6A /* Covid-AlertsUITests */,
				4FC230782561C9530014BF6A /* Products */,
			);
			sourceTree = "<group>";
		};
		4FC230782561C9530014BF6A /* Products */ = {
			isa = PBXGroup;
			children = (
				4FC230772561C9530014BF6A /* Covid-Alerts.app */,
				4FC2308A2561C9570014BF6A /* Covid-AlertsTests.xctest */,
				4FC230952561C9580014BF6A /* Covid-AlertsUITests.xctest */,
			);
			name = Products;
			sourceTree = "<group>";
		};
		4FC230792561C9530014BF6A /* Covid-Alerts */ = {
			isa = PBXGroup;
			children = (
				4F07F4E52563FA2800476786 /* Extensions */,
				4F07F4D42562EEE800476786 /* Networking */,
				4F07F4D22562EEBD00476786 /* Model */,
				4F07F4D12562EEB600476786 /* View */,
				4F07F4D32562EEC800476786 /* Controller */,
				4F07F4F1256400BE00476786 /* SupportingFiles */,
				4FC230822561C9570014BF6A /* LaunchScreen.storyboard */,
				4FC230852561C9570014BF6A /* Info.plist */,
			);
			path = "Covid-Alerts";
			sourceTree = "<group>";
		};
		4FC2308D2561C9570014BF6A /* Covid-AlertsTests */ = {
			isa = PBXGroup;
			children = (
				4FC2308E2561C9570014BF6A /* Covid_AlertsTests.swift */,
				4FC230902561C9570014BF6A /* Info.plist */,
			);
			path = "Covid-AlertsTests";
			sourceTree = "<group>";
		};
		4FC230982561C9580014BF6A /* Covid-AlertsUITests */ = {
			isa = PBXGroup;
			children = (
				4FC230992561C9580014BF6A /* Covid_AlertsUITests.swift */,
				4FC2309B2561C9580014BF6A /* Info.plist */,
			);
			path = "Covid-AlertsUITests";
			sourceTree = "<group>";
		};
/* End PBXGroup section */

/* Begin PBXNativeTarget section */
		4FC230762561C9530014BF6A /* Covid-Alerts */ = {
			isa = PBXNativeTarget;
			buildConfigurationList = 4FC2309E2561C9580014BF6A /* Build configuration list for PBXNativeTarget "Covid-Alerts" */;
			buildPhases = (
				4FC230732561C9530014BF6A /* Sources */,
				4FC230742561C9530014BF6A /* Frameworks */,
				4FC230752561C9530014BF6A /* Resources */,
			);
			buildRules = (
			);
			dependencies = (
			);
			name = "Covid-Alerts";
			productName = "Covid-Alerts";
			productReference = 4FC230772561C9530014BF6A /* Covid-Alerts.app */;
			productType = "com.apple.product-type.application";
		};
		4FC230892561C9570014BF6A /* Covid-AlertsTests */ = {
			isa = PBXNativeTarget;
			buildConfigurationList = 4FC230A12561C9580014BF6A /* Build configuration list for PBXNativeTarget "Covid-AlertsTests" */;
			buildPhases = (
				4FC230862561C9570014BF6A /* Sources */,
				4FC230872561C9570014BF6A /* Frameworks */,
				4FC230882561C9570014BF6A /* Resources */,
			);
			buildRules = (
			);
			dependencies = (
				4FC2308C2561C9570014BF6A /* PBXTargetDependency */,
			);
			name = "Covid-AlertsTests";
			productName = "Covid-AlertsTests";
			productReference = 4FC2308A2561C9570014BF6A /* Covid-AlertsTests.xctest */;
			productType = "com.apple.product-type.bundle.unit-test";
		};
		4FC230942561C9580014BF6A /* Covid-AlertsUITests */ = {
			isa = PBXNativeTarget;
			buildConfigurationList = 4FC230A42561C9580014BF6A /* Build configuration list for PBXNativeTarget "Covid-AlertsUITests" */;
			buildPhases = (
				4FC230912561C9580014BF6A /* Sources */,
				4FC230922561C9580014BF6A /* Frameworks */,
				4FC230932561C9580014BF6A /* Resources */,
			);
			buildRules = (
			);
			dependencies = (
				4FC230972561C9580014BF6A /* PBXTargetDependency */,
			);
			name = "Covid-AlertsUITests";
			productName = "Covid-AlertsUITests";
			productReference = 4FC230952561C9580014BF6A /* Covid-AlertsUITests.xctest */;
			productType = "com.apple.product-type.bundle.ui-testing";
		};
/* End PBXNativeTarget section */

/* Begin PBXProject section */
		4FC2306F2561C9530014BF6A /* Project object */ = {
			isa = PBXProject;
			attributes = {
				LastSwiftUpdateCheck = 1220;
				LastUpgradeCheck = 1220;
				TargetAttributes = {
					4FC230762561C9530014BF6A = {
						CreatedOnToolsVersion = 12.2;
					};
					4FC230892561C9570014BF6A = {
						CreatedOnToolsVersion = 12.2;
						TestTargetID = 4FC230762561C9530014BF6A;
					};
					4FC230942561C9580014BF6A = {
						CreatedOnToolsVersion = 12.2;
						TestTargetID = 4FC230762561C9530014BF6A;
					};
				};
			};
			buildConfigurationList = 4FC230722561C9530014BF6A /* Build configuration list for PBXProject "Covid-Alerts" */;
			compatibilityVersion = "Xcode 9.3";
			developmentRegion = en;
			hasScannedForEncodings = 0;
			knownRegions = (
				en,
				Base,
				de,
			);
			mainGroup = 4FC2306E2561C9530014BF6A;
			productRefGroup = 4FC230782561C9530014BF6A /* Products */;
			projectDirPath = "";
			projectRoot = "";
			targets = (
				4FC230762561C9530014BF6A /* Covid-Alerts */,
				4FC230892561C9570014BF6A /* Covid-AlertsTests */,
				4FC230942561C9580014BF6A /* Covid-AlertsUITests */,
			);
		};
/* End PBXProject section */

/* Begin PBXResourcesBuildPhase section */
		4FC230752561C9530014BF6A /* Resources */ = {
			isa = PBXResourcesBuildPhase;
			buildActionMask = 2147483647;
			files = (
				4F778C8A256589430045623A /* traffic-lights.json in Resources */,
				4FC230812561C9570014BF6A /* Assets.xcassets in Resources */,
				4FC230842561C9570014BF6A /* LaunchScreen.storyboard in Resources */,
			);
			runOnlyForDeploymentPostprocessing = 0;
		};
		4FC230882561C9570014BF6A /* Resources */ = {
			isa = PBXResourcesBuildPhase;
			buildActionMask = 2147483647;
			files = (
			);
			runOnlyForDeploymentPostprocessing = 0;
		};
		4FC230932561C9580014BF6A /* Resources */ = {
			isa = PBXResourcesBuildPhase;
			buildActionMask = 2147483647;
			files = (
			);
			runOnlyForDeploymentPostprocessing = 0;
		};
/* End PBXResourcesBuildPhase section */

/* Begin PBXSourcesBuildPhase section */
		4FC230732561C9530014BF6A /* Sources */ = {
			isa = PBXSourcesBuildPhase;
			buildActionMask = 2147483647;
			files = (
				4FC2307F2561C9530014BF6A /* MainViewController.swift in Sources */,
				4FC2307B2561C9530014BF6A /* AppDelegate.swift in Sources */,
				4F07F4E12563F99F00476786 /* TrafficLightCircle.swift in Sources */,
				4F07F4F62564046600476786 /* AllAlertsStackView.swift in Sources */,
				4F2A66452565527300109D32 /* Language.swift in Sources */,
				4F07F4E72563FA4600476786 /* UIColor+Extension.swift in Sources */,
				4F2A664D2565639C00109D32 /* SmallInfoView.swift in Sources */,
				4FC2307D2561C9530014BF6A /* SceneDelegate.swift in Sources */,
				4F2A663B2564455300109D32 /* TrafficLightsModel.swift in Sources */,
				4F07F4D62562EFD100476786 /* AlertLevelRow.swift in Sources */,
				4F07F4FB2564055000476786 /* ThemeColors.swift in Sources */,
				4F2A66302564208700109D32 /* MultiUseUILabel.swift in Sources */,
				4F2A665A2565648100109D32 /* RoundedButton.swift in Sources */,
			);
			runOnlyForDeploymentPostprocessing = 0;
		};
		4FC230862561C9570014BF6A /* Sources */ = {
			isa = PBXSourcesBuildPhase;
			buildActionMask = 2147483647;
			files = (
				4FC2308F2561C9570014BF6A /* Covid_AlertsTests.swift in Sources */,
			);
			runOnlyForDeploymentPostprocessing = 0;
		};
		4FC230912561C9580014BF6A /* Sources */ = {
			isa = PBXSourcesBuildPhase;
			buildActionMask = 2147483647;
			files = (
				4FC2309A2561C9580014BF6A /* Covid_AlertsUITests.swift in Sources */,
			);
			runOnlyForDeploymentPostprocessing = 0;
		};
/* End PBXSourcesBuildPhase section */

/* Begin PBXTargetDependency section */
		4FC2308C2561C9570014BF6A /* PBXTargetDependency */ = {
			isa = PBXTargetDependency;
			target = 4FC230762561C9530014BF6A /* Covid-Alerts */;
			targetProxy = 4FC2308B2561C9570014BF6A /* PBXContainerItemProxy */;
		};
		4FC230972561C9580014BF6A /* PBXTargetDependency */ = {
			isa = PBXTargetDependency;
			target = 4FC230762561C9530014BF6A /* Covid-Alerts */;
			targetProxy = 4FC230962561C9580014BF6A /* PBXContainerItemProxy */;
		};
/* End PBXTargetDependency section */

/* Begin PBXVariantGroup section */
		4FC230822561C9570014BF6A /* LaunchScreen.storyboard */ = {
			isa = PBXVariantGroup;
			children = (
				4FC230832561C9570014BF6A /* Base */,
				4F778C8E256589910045623A /* de */,
			);
			name = LaunchScreen.storyboard;
			sourceTree = "<group>";
		};
/* End PBXVariantGroup section */

/* Begin XCBuildConfiguration section */
		4FC2309C2561C9580014BF6A /* Debug */ = {
			isa = XCBuildConfiguration;
			buildSettings = {
				ALWAYS_SEARCH_USER_PATHS = NO;
				CLANG_ANALYZER_LOCALIZABILITY_NONLOCALIZED = YES;
				CLANG_ANALYZER_NONNULL = YES;
				CLANG_ANALYZER_NUMBER_OBJECT_CONVERSION = YES_AGGRESSIVE;
				CLANG_CXX_LANGUAGE_STANDARD = "gnu++14";
				CLANG_CXX_LIBRARY = "libc++";
				CLANG_ENABLE_MODULES = YES;
				CLANG_ENABLE_OBJC_ARC = YES;
				CLANG_ENABLE_OBJC_WEAK = YES;
				CLANG_WARN_BLOCK_CAPTURE_AUTORELEASING = YES;
				CLANG_WARN_BOOL_CONVERSION = YES;
				CLANG_WARN_COMMA = YES;
				CLANG_WARN_CONSTANT_CONVERSION = YES;
				CLANG_WARN_DEPRECATED_OBJC_IMPLEMENTATIONS = YES;
				CLANG_WARN_DIRECT_OBJC_ISA_USAGE = YES_ERROR;
				CLANG_WARN_DOCUMENTATION_COMMENTS = YES;
				CLANG_WARN_EMPTY_BODY = YES;
				CLANG_WARN_ENUM_CONVERSION = YES;
				CLANG_WARN_INFINITE_RECURSION = YES;
				CLANG_WARN_INT_CONVERSION = YES;
				CLANG_WARN_NON_LITERAL_NULL_CONVERSION = YES;
				CLANG_WARN_OBJC_IMPLICIT_RETAIN_SELF = YES;
				CLANG_WARN_OBJC_LITERAL_CONVERSION = YES;
				CLANG_WARN_OBJC_ROOT_CLASS = YES_ERROR;
				CLANG_WARN_QUOTED_INCLUDE_IN_FRAMEWORK_HEADER = YES;
				CLANG_WARN_RANGE_LOOP_ANALYSIS = YES;
				CLANG_WARN_STRICT_PROTOTYPES = YES;
				CLANG_WARN_SUSPICIOUS_MOVE = YES;
				CLANG_WARN_UNGUARDED_AVAILABILITY = YES_AGGRESSIVE;
				CLANG_WARN_UNREACHABLE_CODE = YES;
				CLANG_WARN__DUPLICATE_METHOD_MATCH = YES;
				COPY_PHASE_STRIP = NO;
				DEBUG_INFORMATION_FORMAT = dwarf;
				ENABLE_STRICT_OBJC_MSGSEND = YES;
				ENABLE_TESTABILITY = YES;
				GCC_C_LANGUAGE_STANDARD = gnu11;
				GCC_DYNAMIC_NO_PIC = NO;
				GCC_NO_COMMON_BLOCKS = YES;
				GCC_OPTIMIZATION_LEVEL = 0;
				GCC_PREPROCESSOR_DEFINITIONS = (
					"DEBUG=1",
					"$(inherited)",
				);
				GCC_WARN_64_TO_32_BIT_CONVERSION = YES;
				GCC_WARN_ABOUT_RETURN_TYPE = YES_ERROR;
				GCC_WARN_UNDECLARED_SELECTOR = YES;
				GCC_WARN_UNINITIALIZED_AUTOS = YES_AGGRESSIVE;
				GCC_WARN_UNUSED_FUNCTION = YES;
				GCC_WARN_UNUSED_VARIABLE = YES;
				IPHONEOS_DEPLOYMENT_TARGET = 14.2;
				MTL_ENABLE_DEBUG_INFO = INCLUDE_SOURCE;
				MTL_FAST_MATH = YES;
				ONLY_ACTIVE_ARCH = YES;
				SDKROOT = iphoneos;
				SWIFT_ACTIVE_COMPILATION_CONDITIONS = DEBUG;
				SWIFT_OPTIMIZATION_LEVEL = "-Onone";
			};
			name = Debug;
		};
		4FC2309D2561C9580014BF6A /* Release */ = {
			isa = XCBuildConfiguration;
			buildSettings = {
				ALWAYS_SEARCH_USER_PATHS = NO;
				CLANG_ANALYZER_LOCALIZABILITY_NONLOCALIZED = YES;
				CLANG_ANALYZER_NONNULL = YES;
				CLANG_ANALYZER_NUMBER_OBJECT_CONVERSION = YES_AGGRESSIVE;
				CLANG_CXX_LANGUAGE_STANDARD = "gnu++14";
				CLANG_CXX_LIBRARY = "libc++";
				CLANG_ENABLE_MODULES = YES;
				CLANG_ENABLE_OBJC_ARC = YES;
				CLANG_ENABLE_OBJC_WEAK = YES;
				CLANG_WARN_BLOCK_CAPTURE_AUTORELEASING = YES;
				CLANG_WARN_BOOL_CONVERSION = YES;
				CLANG_WARN_COMMA = YES;
				CLANG_WARN_CONSTANT_CONVERSION = YES;
				CLANG_WARN_DEPRECATED_OBJC_IMPLEMENTATIONS = YES;
				CLANG_WARN_DIRECT_OBJC_ISA_USAGE = YES_ERROR;
				CLANG_WARN_DOCUMENTATION_COMMENTS = YES;
				CLANG_WARN_EMPTY_BODY = YES;
				CLANG_WARN_ENUM_CONVERSION = YES;
				CLANG_WARN_INFINITE_RECURSION = YES;
				CLANG_WARN_INT_CONVERSION = YES;
				CLANG_WARN_NON_LITERAL_NULL_CONVERSION = YES;
				CLANG_WARN_OBJC_IMPLICIT_RETAIN_SELF = YES;
				CLANG_WARN_OBJC_LITERAL_CONVERSION = YES;
				CLANG_WARN_OBJC_ROOT_CLASS = YES_ERROR;
				CLANG_WARN_QUOTED_INCLUDE_IN_FRAMEWORK_HEADER = YES;
				CLANG_WARN_RANGE_LOOP_ANALYSIS = YES;
				CLANG_WARN_STRICT_PROTOTYPES = YES;
				CLANG_WARN_SUSPICIOUS_MOVE = YES;
				CLANG_WARN_UNGUARDED_AVAILABILITY = YES_AGGRESSIVE;
				CLANG_WARN_UNREACHABLE_CODE = YES;
				CLANG_WARN__DUPLICATE_METHOD_MATCH = YES;
				COPY_PHASE_STRIP = NO;
				DEBUG_INFORMATION_FORMAT = "dwarf-with-dsym";
				ENABLE_NS_ASSERTIONS = NO;
				ENABLE_STRICT_OBJC_MSGSEND = YES;
				GCC_C_LANGUAGE_STANDARD = gnu11;
				GCC_NO_COMMON_BLOCKS = YES;
				GCC_WARN_64_TO_32_BIT_CONVERSION = YES;
				GCC_WARN_ABOUT_RETURN_TYPE = YES_ERROR;
				GCC_WARN_UNDECLARED_SELECTOR = YES;
				GCC_WARN_UNINITIALIZED_AUTOS = YES_AGGRESSIVE;
				GCC_WARN_UNUSED_FUNCTION = YES;
				GCC_WARN_UNUSED_VARIABLE = YES;
				IPHONEOS_DEPLOYMENT_TARGET = 14.2;
				MTL_ENABLE_DEBUG_INFO = NO;
				MTL_FAST_MATH = YES;
				SDKROOT = iphoneos;
				SWIFT_COMPILATION_MODE = wholemodule;
				SWIFT_OPTIMIZATION_LEVEL = "-O";
				VALIDATE_PRODUCT = YES;
			};
			name = Release;
		};
		4FC2309F2561C9580014BF6A /* Debug */ = {
			isa = XCBuildConfiguration;
			buildSettings = {
				ASSETCATALOG_COMPILER_APPICON_NAME = AppIcon;
				ASSETCATALOG_COMPILER_GLOBAL_ACCENT_COLOR_NAME = AccentColor;
				CODE_SIGN_STYLE = Automatic;
				DEVELOPMENT_TEAM = 6GDWE93PAP;
				INFOPLIST_FILE = "Covid-Alerts/Info.plist";
				LD_RUNPATH_SEARCH_PATHS = (
					"$(inherited)",
					"@executable_path/Frameworks",
				);
				PRODUCT_BUNDLE_IDENTIFIER = "com.davidv.Covid-Alerts";
				PRODUCT_NAME = "$(TARGET_NAME)";
				SWIFT_VERSION = 5.0;
				TARGETED_DEVICE_FAMILY = "1,2";
			};
			name = Debug;
		};
		4FC230A02561C9580014BF6A /* Release */ = {
			isa = XCBuildConfiguration;
			buildSettings = {
				ASSETCATALOG_COMPILER_APPICON_NAME = AppIcon;
				ASSETCATALOG_COMPILER_GLOBAL_ACCENT_COLOR_NAME = AccentColor;
				CODE_SIGN_STYLE = Automatic;
				DEVELOPMENT_TEAM = 6GDWE93PAP;
				INFOPLIST_FILE = "Covid-Alerts/Info.plist";
				LD_RUNPATH_SEARCH_PATHS = (
					"$(inherited)",
					"@executable_path/Frameworks",
				);
				PRODUCT_BUNDLE_IDENTIFIER = "com.davidv.Covid-Alerts";
				PRODUCT_NAME = "$(TARGET_NAME)";
				SWIFT_VERSION = 5.0;
				TARGETED_DEVICE_FAMILY = "1,2";
			};
			name = Release;
		};
		4FC230A22561C9580014BF6A /* Debug */ = {
			isa = XCBuildConfiguration;
			buildSettings = {
				ALWAYS_EMBED_SWIFT_STANDARD_LIBRARIES = YES;
				BUNDLE_LOADER = "$(TEST_HOST)";
				CODE_SIGN_STYLE = Automatic;
				DEVELOPMENT_TEAM = 6GDWE93PAP;
				INFOPLIST_FILE = "Covid-AlertsTests/Info.plist";
				IPHONEOS_DEPLOYMENT_TARGET = 14.2;
				LD_RUNPATH_SEARCH_PATHS = (
					"$(inherited)",
					"@executable_path/Frameworks",
					"@loader_path/Frameworks",
				);
				PRODUCT_BUNDLE_IDENTIFIER = "com.davidv.Covid-AlertsTests";
				PRODUCT_NAME = "$(TARGET_NAME)";
				SWIFT_VERSION = 5.0;
				TARGETED_DEVICE_FAMILY = "1,2";
				TEST_HOST = "$(BUILT_PRODUCTS_DIR)/Covid-Alerts.app/Covid-Alerts";
			};
			name = Debug;
		};
		4FC230A32561C9580014BF6A /* Release */ = {
			isa = XCBuildConfiguration;
			buildSettings = {
				ALWAYS_EMBED_SWIFT_STANDARD_LIBRARIES = YES;
				BUNDLE_LOADER = "$(TEST_HOST)";
				CODE_SIGN_STYLE = Automatic;
				DEVELOPMENT_TEAM = 6GDWE93PAP;
				INFOPLIST_FILE = "Covid-AlertsTests/Info.plist";
				IPHONEOS_DEPLOYMENT_TARGET = 14.2;
				LD_RUNPATH_SEARCH_PATHS = (
					"$(inherited)",
					"@executable_path/Frameworks",
					"@loader_path/Frameworks",
				);
				PRODUCT_BUNDLE_IDENTIFIER = "com.davidv.Covid-AlertsTests";
				PRODUCT_NAME = "$(TARGET_NAME)";
				SWIFT_VERSION = 5.0;
				TARGETED_DEVICE_FAMILY = "1,2";
				TEST_HOST = "$(BUILT_PRODUCTS_DIR)/Covid-Alerts.app/Covid-Alerts";
			};
			name = Release;
		};
		4FC230A52561C9580014BF6A /* Debug */ = {
			isa = XCBuildConfiguration;
			buildSettings = {
				ALWAYS_EMBED_SWIFT_STANDARD_LIBRARIES = YES;
				CODE_SIGN_STYLE = Automatic;
				DEVELOPMENT_TEAM = 6GDWE93PAP;
				INFOPLIST_FILE = "Covid-AlertsUITests/Info.plist";
				LD_RUNPATH_SEARCH_PATHS = (
					"$(inherited)",
					"@executable_path/Frameworks",
					"@loader_path/Frameworks",
				);
				PRODUCT_BUNDLE_IDENTIFIER = "com.davidv.Covid-AlertsUITests";
				PRODUCT_NAME = "$(TARGET_NAME)";
				SWIFT_VERSION = 5.0;
				TARGETED_DEVICE_FAMILY = "1,2";
				TEST_TARGET_NAME = "Covid-Alerts";
			};
			name = Debug;
		};
		4FC230A62561C9580014BF6A /* Release */ = {
			isa = XCBuildConfiguration;
			buildSettings = {
				ALWAYS_EMBED_SWIFT_STANDARD_LIBRARIES = YES;
				CODE_SIGN_STYLE = Automatic;
				DEVELOPMENT_TEAM = 6GDWE93PAP;
				INFOPLIST_FILE = "Covid-AlertsUITests/Info.plist";
				LD_RUNPATH_SEARCH_PATHS = (
					"$(inherited)",
					"@executable_path/Frameworks",
					"@loader_path/Frameworks",
				);
				PRODUCT_BUNDLE_IDENTIFIER = "com.davidv.Covid-AlertsUITests";
				PRODUCT_NAME = "$(TARGET_NAME)";
				SWIFT_VERSION = 5.0;
				TARGETED_DEVICE_FAMILY = "1,2";
				TEST_TARGET_NAME = "Covid-Alerts";
			};
			name = Release;
		};
/* End XCBuildConfiguration section */

/* Begin XCConfigurationList section */
		4FC230722561C9530014BF6A /* Build configuration list for PBXProject "Covid-Alerts" */ = {
			isa = XCConfigurationList;
			buildConfigurations = (
				4FC2309C2561C9580014BF6A /* Debug */,
				4FC2309D2561C9580014BF6A /* Release */,
			);
			defaultConfigurationIsVisible = 0;
			defaultConfigurationName = Release;
		};
		4FC2309E2561C9580014BF6A /* Build configuration list for PBXNativeTarget "Covid-Alerts" */ = {
			isa = XCConfigurationList;
			buildConfigurations = (
				4FC2309F2561C9580014BF6A /* Debug */,
				4FC230A02561C9580014BF6A /* Release */,
			);
			defaultConfigurationIsVisible = 0;
			defaultConfigurationName = Release;
		};
		4FC230A12561C9580014BF6A /* Build configuration list for PBXNativeTarget "Covid-AlertsTests" */ = {
			isa = XCConfigurationList;
			buildConfigurations = (
				4FC230A22561C9580014BF6A /* Debug */,
				4FC230A32561C9580014BF6A /* Release */,
			);
			defaultConfigurationIsVisible = 0;
			defaultConfigurationName = Release;
		};
		4FC230A42561C9580014BF6A /* Build configuration list for PBXNativeTarget "Covid-AlertsUITests" */ = {
			isa = XCConfigurationList;
			buildConfigurations = (
				4FC230A52561C9580014BF6A /* Debug */,
				4FC230A62561C9580014BF6A /* Release */,
			);
			defaultConfigurationIsVisible = 0;
			defaultConfigurationName = Release;
		};
/* End XCConfigurationList section */
	};
	rootObject = 4FC2306F2561C9530014BF6A /* Project object */;
}
